// !$*UTF8*$!
{
	archiveVersion = 1;
	classes = {
	};
	objectVersion = 50;
	objects = {

/* Begin PBXBuildFile section */
		57489AAF22597AFC001C1947 /* WordClass.swift in Sources */ = {isa = PBXBuildFile; fileRef = 57489AAE22597AFC001C1947 /* WordClass.swift */; };
		577B7006222B10E9000AC67A /* AppDelegate.swift in Sources */ = {isa = PBXBuildFile; fileRef = 577B7005222B10E9000AC67A /* AppDelegate.swift */; };
		577B700E222B10E9000AC67A /* Classic_Hangman_2019.xcdatamodeld in Sources */ = {isa = PBXBuildFile; fileRef = 577B700C222B10E9000AC67A /* Classic_Hangman_2019.xcdatamodeld */; };
		577B7025222B116A000AC67A /* DC_Attractions.swift in Sources */ = {isa = PBXBuildFile; fileRef = 577B701E222B116A000AC67A /* DC_Attractions.swift */; };
		577B7026222B116A000AC67A /* Cities.swift in Sources */ = {isa = PBXBuildFile; fileRef = 577B701F222B116A000AC67A /* Cities.swift */; };
		577B7027222B116A000AC67A /* Movie_Quotes.swift in Sources */ = {isa = PBXBuildFile; fileRef = 577B7020222B116A000AC67A /* Movie_Quotes.swift */; };
		577B7028222B116A000AC67A /* Common_Phrases.swift in Sources */ = {isa = PBXBuildFile; fileRef = 577B7021222B116A000AC67A /* Common_Phrases.swift */; };
		577B7029222B116A000AC67A /* Movies.swift in Sources */ = {isa = PBXBuildFile; fileRef = 577B7022222B116A000AC67A /* Movies.swift */; };
		577B702A222B116A000AC67A /* Actors.swift in Sources */ = {isa = PBXBuildFile; fileRef = 577B7023222B116A000AC67A /* Actors.swift */; };
		577B702B222B116A000AC67A /* Foods.swift in Sources */ = {isa = PBXBuildFile; fileRef = 577B7024222B116A000AC67A /* Foods.swift */; };
		577B702F222B1185000AC67A /* Choose_Topic.swift in Sources */ = {isa = PBXBuildFile; fileRef = 577B702C222B1185000AC67A /* Choose_Topic.swift */; };
		577B7030222B1185000AC67A /* Settings.swift in Sources */ = {isa = PBXBuildFile; fileRef = 577B702D222B1185000AC67A /* Settings.swift */; };
		577B7031222B1185000AC67A /* Store.swift in Sources */ = {isa = PBXBuildFile; fileRef = 577B702E222B1185000AC67A /* Store.swift */; };
		577B7033222B11CC000AC67A /* Assets.xcassets in Resources */ = {isa = PBXBuildFile; fileRef = 577B7032222B11CC000AC67A /* Assets.xcassets */; };
		577B7035222B11E1000AC67A /* LaunchScreen.storyboard in Resources */ = {isa = PBXBuildFile; fileRef = 577B7034222B11E1000AC67A /* LaunchScreen.storyboard */; };
		577B7037222B11E7000AC67A /* Main.storyboard in Resources */ = {isa = PBXBuildFile; fileRef = 577B7036222B11E7000AC67A /* Main.storyboard */; };
		577B7039222B1A2D000AC67A /* Loading_Screen.swift in Sources */ = {isa = PBXBuildFile; fileRef = 577B7038222B1A2C000AC67A /* Loading_Screen.swift */; };
/* End PBXBuildFile section */

/* Begin PBXFileReference section */
		57489AAE22597AFC001C1947 /* WordClass.swift */ = {isa = PBXFileReference; lastKnownFileType = sourcecode.swift; path = WordClass.swift; sourceTree = "<group>"; };
		577B7002222B10E9000AC67A /* Classic Hangman 2019.app */ = {isa = PBXFileReference; explicitFileType = wrapper.application; includeInIndex = 0; path = "Classic Hangman 2019.app"; sourceTree = BUILT_PRODUCTS_DIR; };
		577B7005222B10E9000AC67A /* AppDelegate.swift */ = {isa = PBXFileReference; lastKnownFileType = sourcecode.swift; path = AppDelegate.swift; sourceTree = "<group>"; };
		577B700D222B10E9000AC67A /* Classic_Hangman_2019.xcdatamodel */ = {isa = PBXFileReference; lastKnownFileType = wrapper.xcdatamodel; path = Classic_Hangman_2019.xcdatamodel; sourceTree = "<group>"; };
		577B7014222B10EA000AC67A /* Info.plist */ = {isa = PBXFileReference; lastKnownFileType = text.plist.xml; path = Info.plist; sourceTree = "<group>"; };
		577B701E222B116A000AC67A /* DC_Attractions.swift */ = {isa = PBXFileReference; fileEncoding = 4; lastKnownFileType = sourcecode.swift; path = DC_Attractions.swift; sourceTree = "<group>"; };
		577B701F222B116A000AC67A /* Cities.swift */ = {isa = PBXFileReference; fileEncoding = 4; lastKnownFileType = sourcecode.swift; path = Cities.swift; sourceTree = "<group>"; };
		577B7020222B116A000AC67A /* Movie_Quotes.swift */ = {isa = PBXFileReference; fileEncoding = 4; lastKnownFileType = sourcecode.swift; path = Movie_Quotes.swift; sourceTree = "<group>"; };
		577B7021222B116A000AC67A /* Common_Phrases.swift */ = {isa = PBXFileReference; fileEncoding = 4; lastKnownFileType = sourcecode.swift; path = Common_Phrases.swift; sourceTree = "<group>"; };
		577B7022222B116A000AC67A /* Movies.swift */ = {isa = PBXFileReference; fileEncoding = 4; lastKnownFileType = sourcecode.swift; path = Movies.swift; sourceTree = "<group>"; };
		577B7023222B116A000AC67A /* Actors.swift */ = {isa = PBXFileReference; fileEncoding = 4; lastKnownFileType = sourcecode.swift; path = Actors.swift; sourceTree = "<group>"; };
		577B7024222B116A000AC67A /* Foods.swift */ = {isa = PBXFileReference; fileEncoding = 4; lastKnownFileType = sourcecode.swift; path = Foods.swift; sourceTree = "<group>"; };
		577B702C222B1185000AC67A /* Choose_Topic.swift */ = {isa = PBXFileReference; fileEncoding = 4; lastKnownFileType = sourcecode.swift; path = Choose_Topic.swift; sourceTree = "<group>"; };
		577B702D222B1185000AC67A /* Settings.swift */ = {isa = PBXFileReference; fileEncoding = 4; lastKnownFileType = sourcecode.swift; path = Settings.swift; sourceTree = "<group>"; };
		577B702E222B1185000AC67A /* Store.swift */ = {isa = PBXFileReference; fileEncoding = 4; lastKnownFileType = sourcecode.swift; path = Store.swift; sourceTree = "<group>"; };
		577B7032222B11CC000AC67A /* Assets.xcassets */ = {isa = PBXFileReference; lastKnownFileType = folder.assetcatalog; path = Assets.xcassets; sourceTree = "<group>"; };
		577B7034222B11E1000AC67A /* LaunchScreen.storyboard */ = {isa = PBXFileReference; fileEncoding = 4; lastKnownFileType = file.storyboard; path = LaunchScreen.storyboard; sourceTree = "<group>"; };
		577B7036222B11E7000AC67A /* Main.storyboard */ = {isa = PBXFileReference; fileEncoding = 4; lastKnownFileType = file.storyboard; path = Main.storyboard; sourceTree = "<group>"; };
		577B7038222B1A2C000AC67A /* Loading_Screen.swift */ = {isa = PBXFileReference; fileEncoding = 4; lastKnownFileType = sourcecode.swift; path = Loading_Screen.swift; sourceTree = "<group>"; };
/* End PBXFileReference section */

/* Begin PBXFrameworksBuildPhase section */
		577B6FFF222B10E9000AC67A /* Frameworks */ = {
			isa = PBXFrameworksBuildPhase;
			buildActionMask = 2147483647;
			files = (
			);
			runOnlyForDeploymentPostprocessing = 0;
		};
/* End PBXFrameworksBuildPhase section */

/* Begin PBXGroup section */
		577B6FF9222B10E9000AC67A = {
			isa = PBXGroup;
			children = (
				577B7004222B10E9000AC67A /* Classic Hangman 2019 */,
				577B7003222B10E9000AC67A /* Products */,
			);
			sourceTree = "<group>";
		};
		577B7003222B10E9000AC67A /* Products */ = {
			isa = PBXGroup;
			children = (
				577B7002222B10E9000AC67A /* Classic Hangman 2019.app */,
			);
			name = Products;
			sourceTree = "<group>";
		};
		577B7004222B10E9000AC67A /* Classic Hangman 2019 */ = {
			isa = PBXGroup;
			children = (
				577B701D222B1148000AC67A /* Core Data */,
				577B701C222B1136000AC67A /* Important Stuff */,
				577B701B222B112F000AC67A /* Topics */,
				577B701A222B1113000AC67A /* Other Swift Files */,
				577B7014222B10EA000AC67A /* Info.plist */,
				577B7034222B11E1000AC67A /* LaunchScreen.storyboard */,
				577B7036222B11E7000AC67A /* Main.storyboard */,
			);
			path = "Classic Hangman 2019";
			sourceTree = "<group>";
		};
		577B701A222B1113000AC67A /* Other Swift Files */ = {
			isa = PBXGroup;
			children = (
				577B7038222B1A2C000AC67A /* Loading_Screen.swift */,
				577B702C222B1185000AC67A /* Choose_Topic.swift */,
				577B702D222B1185000AC67A /* Settings.swift */,
				577B702E222B1185000AC67A /* Store.swift */,
			);
			path = "Other Swift Files";
			sourceTree = "<group>";
		};
		577B701B222B112F000AC67A /* Topics */ = {
			isa = PBXGroup;
			children = (
				577B7021222B116A000AC67A /* Common_Phrases.swift */,
				577B7020222B116A000AC67A /* Movie_Quotes.swift */,
				577B7022222B116A000AC67A /* Movies.swift */,
				577B7023222B116A000AC67A /* Actors.swift */,
				577B7024222B116A000AC67A /* Foods.swift */,
				577B701F222B116A000AC67A /* Cities.swift */,
				577B701E222B116A000AC67A /* DC_Attractions.swift */,
			);
			path = Topics;
			sourceTree = "<group>";
		};
		577B701C222B1136000AC67A /* Important Stuff */ = {
			isa = PBXGroup;
			children = (
				577B7032222B11CC000AC67A /* Assets.xcassets */,
				577B7005222B10E9000AC67A /* AppDelegate.swift */,
				57489AAE22597AFC001C1947 /* WordClass.swift */,
			);
			path = "Important Stuff";
			sourceTree = "<group>";
		};
		577B701D222B1148000AC67A /* Core Data */ = {
			isa = PBXGroup;
			children = (
				577B700C222B10E9000AC67A /* Classic_Hangman_2019.xcdatamodeld */,
			);
			path = "Core Data";
			sourceTree = "<group>";
		};
/* End PBXGroup section */

/* Begin PBXNativeTarget section */
		577B7001222B10E9000AC67A /* Classic Hangman 2019 */ = {
			isa = PBXNativeTarget;
			buildConfigurationList = 577B7017222B10EA000AC67A /* Build configuration list for PBXNativeTarget "Classic Hangman 2019" */;
			buildPhases = (
				577B6FFE222B10E9000AC67A /* Sources */,
				577B6FFF222B10E9000AC67A /* Frameworks */,
				577B7000222B10E9000AC67A /* Resources */,
			);
			buildRules = (
			);
			dependencies = (
			);
			name = "Classic Hangman 2019";
			productName = "Classic Hangman 2019";
			productReference = 577B7002222B10E9000AC67A /* Classic Hangman 2019.app */;
			productType = "com.apple.product-type.application";
		};
/* End PBXNativeTarget section */

/* Begin PBXProject section */
		577B6FFA222B10E9000AC67A /* Project object */ = {
			isa = PBXProject;
			attributes = {
				LastSwiftUpdateCheck = 1010;
				LastUpgradeCheck = 1010;
				ORGANIZATIONNAME = "Caden Kowalski";
				TargetAttributes = {
					577B7001222B10E9000AC67A = {
						CreatedOnToolsVersion = 10.1;
					};
				};
			};
			buildConfigurationList = 577B6FFD222B10E9000AC67A /* Build configuration list for PBXProject "Classic Hangman 2019" */;
			compatibilityVersion = "Xcode 9.3";
			developmentRegion = en;
			hasScannedForEncodings = 0;
			knownRegions = (
				en,
				Base,
			);
			mainGroup = 577B6FF9222B10E9000AC67A;
			productRefGroup = 577B7003222B10E9000AC67A /* Products */;
			projectDirPath = "";
			projectRoot = "";
			targets = (
				577B7001222B10E9000AC67A /* Classic Hangman 2019 */,
			);
		};
/* End PBXProject section */

/* Begin PBXResourcesBuildPhase section */
		577B7000222B10E9000AC67A /* Resources */ = {
			isa = PBXResourcesBuildPhase;
			buildActionMask = 2147483647;
			files = (
				577B7037222B11E7000AC67A /* Main.storyboard in Resources */,
				577B7033222B11CC000AC67A /* Assets.xcassets in Resources */,
				577B7035222B11E1000AC67A /* LaunchScreen.storyboard in Resources */,
			);
			runOnlyForDeploymentPostprocessing = 0;
		};
/* End PBXResourcesBuildPhase section */

/* Begin PBXSourcesBuildPhase section */
		577B6FFE222B10E9000AC67A /* Sources */ = {
			isa = PBXSourcesBuildPhase;
			buildActionMask = 2147483647;
			files = (
				577B7039222B1A2D000AC67A /* Loading_Screen.swift in Sources */,
				577B7029222B116A000AC67A /* Movies.swift in Sources */,
				577B7026222B116A000AC67A /* Cities.swift in Sources */,
				577B700E222B10E9000AC67A /* Classic_Hangman_2019.xcdatamodeld in Sources */,
				577B7031222B1185000AC67A /* Store.swift in Sources */,
				577B702A222B116A000AC67A /* Actors.swift in Sources */,
				577B7025222B116A000AC67A /* DC_Attractions.swift in Sources */,
				577B7027222B116A000AC67A /* Movie_Quotes.swift in Sources */,
				577B702F222B1185000AC67A /* Choose_Topic.swift in Sources */,
				577B702B222B116A000AC67A /* Foods.swift in Sources */,
				57489AAF22597AFC001C1947 /* WordClass.swift in Sources */,
				577B7006222B10E9000AC67A /* AppDelegate.swift in Sources */,
				577B7030222B1185000AC67A /* Settings.swift in Sources */,
				577B7028222B116A000AC67A /* Common_Phrases.swift in Sources */,
			);
			runOnlyForDeploymentPostprocessing = 0;
		};
/* End PBXSourcesBuildPhase section */

/* Begin XCBuildConfiguration section */
		577B7015222B10EA000AC67A /* Debug */ = {
			isa = XCBuildConfiguration;
			buildSettings = {
				ALWAYS_SEARCH_USER_PATHS = NO;
				CLANG_ANALYZER_NONNULL = YES;
				CLANG_ANALYZER_NUMBER_OBJECT_CONVERSION = YES_AGGRESSIVE;
				CLANG_CXX_LANGUAGE_STANDARD = "gnu++14";
				CLANG_CXX_LIBRARY = "libc++";
				CLANG_ENABLE_MODULES = YES;
				CLANG_ENABLE_OBJC_ARC = YES;
				CLANG_ENABLE_OBJC_WEAK = YES;
				CLANG_WARN_BLOCK_CAPTURE_AUTORELEASING = YES;
				CLANG_WARN_BOOL_CONVERSION = YES;
				CLANG_WARN_COMMA = YES;
				CLANG_WARN_CONSTANT_CONVERSION = YES;
				CLANG_WARN_DEPRECATED_OBJC_IMPLEMENTATIONS = YES;
				CLANG_WARN_DIRECT_OBJC_ISA_USAGE = YES_ERROR;
				CLANG_WARN_DOCUMENTATION_COMMENTS = YES;
				CLANG_WARN_EMPTY_BODY = YES;
				CLANG_WARN_ENUM_CONVERSION = YES;
				CLANG_WARN_INFINITE_RECURSION = YES;
				CLANG_WARN_INT_CONVERSION = YES;
				CLANG_WARN_NON_LITERAL_NULL_CONVERSION = YES;
				CLANG_WARN_OBJC_IMPLICIT_RETAIN_SELF = YES;
				CLANG_WARN_OBJC_LITERAL_CONVERSION = YES;
				CLANG_WARN_OBJC_ROOT_CLASS = YES_ERROR;
				CLANG_WARN_RANGE_LOOP_ANALYSIS = YES;
				CLANG_WARN_STRICT_PROTOTYPES = YES;
				CLANG_WARN_SUSPICIOUS_MOVE = YES;
				CLANG_WARN_UNGUARDED_AVAILABILITY = YES_AGGRESSIVE;
				CLANG_WARN_UNREACHABLE_CODE = YES;
				CLANG_WARN__DUPLICATE_METHOD_MATCH = YES;
				CODE_SIGN_IDENTITY = "iPhone Developer";
				COPY_PHASE_STRIP = NO;
				DEBUG_INFORMATION_FORMAT = dwarf;
				ENABLE_STRICT_OBJC_MSGSEND = YES;
				ENABLE_TESTABILITY = YES;
				GCC_C_LANGUAGE_STANDARD = gnu11;
				GCC_DYNAMIC_NO_PIC = NO;
				GCC_NO_COMMON_BLOCKS = YES;
				GCC_OPTIMIZATION_LEVEL = 0;
				GCC_PREPROCESSOR_DEFINITIONS = (
					"DEBUG=1",
					"$(inherited)",
				);
				GCC_WARN_64_TO_32_BIT_CONVERSION = YES;
				GCC_WARN_ABOUT_RETURN_TYPE = YES_ERROR;
				GCC_WARN_UNDECLARED_SELECTOR = YES;
				GCC_WARN_UNINITIALIZED_AUTOS = YES_AGGRESSIVE;
				GCC_WARN_UNUSED_FUNCTION = YES;
				GCC_WARN_UNUSED_VARIABLE = YES;
				IPHONEOS_DEPLOYMENT_TARGET = 12.1;
				MTL_ENABLE_DEBUG_INFO = INCLUDE_SOURCE;
				MTL_FAST_MATH = YES;
				ONLY_ACTIVE_ARCH = YES;
				SDKROOT = iphoneos;
				SWIFT_ACTIVE_COMPILATION_CONDITIONS = DEBUG;
				SWIFT_OPTIMIZATION_LEVEL = "-Onone";
			};
			name = Debug;
		};
		577B7016222B10EA000AC67A /* Release */ = {
			isa = XCBuildConfiguration;
			buildSettings = {
				ALWAYS_SEARCH_USER_PATHS = NO;
				CLANG_ANALYZER_NONNULL = YES;
				CLANG_ANALYZER_NUMBER_OBJECT_CONVERSION = YES_AGGRESSIVE;
				CLANG_CXX_LANGUAGE_STANDARD = "gnu++14";
				CLANG_CXX_LIBRARY = "libc++";
				CLANG_ENABLE_MODULES = YES;
				CLANG_ENABLE_OBJC_ARC = YES;
				CLANG_ENABLE_OBJC_WEAK = YES;
				CLANG_WARN_BLOCK_CAPTURE_AUTORELEASING = YES;
				CLANG_WARN_BOOL_CONVERSION = YES;
				CLANG_WARN_COMMA = YES;
				CLANG_WARN_CONSTANT_CONVERSION = YES;
				CLANG_WARN_DEPRECATED_OBJC_IMPLEMENTATIONS = YES;
				CLANG_WARN_DIRECT_OBJC_ISA_USAGE = YES_ERROR;
				CLANG_WARN_DOCUMENTATION_COMMENTS = YES;
				CLANG_WARN_EMPTY_BODY = YES;
				CLANG_WARN_ENUM_CONVERSION = YES;
				CLANG_WARN_INFINITE_RECURSION = YES;
				CLANG_WARN_INT_CONVERSION = YES;
				CLANG_WARN_NON_LITERAL_NULL_CONVERSION = YES;
				CLANG_WARN_OBJC_IMPLICIT_RETAIN_SELF = YES;
				CLANG_WARN_OBJC_LITERAL_CONVERSION = YES;
				CLANG_WARN_OBJC_ROOT_CLASS = YES_ERROR;
				CLANG_WARN_RANGE_LOOP_ANALYSIS = YES;
				CLANG_WARN_STRICT_PROTOTYPES = YES;
				CLANG_WARN_SUSPICIOUS_MOVE = YES;
				CLANG_WARN_UNGUARDED_AVAILABILITY = YES_AGGRESSIVE;
				CLANG_WARN_UNREACHABLE_CODE = YES;
				CLANG_WARN__DUPLICATE_METHOD_MATCH = YES;
				CODE_SIGN_IDENTITY = "iPhone Developer";
				COPY_PHASE_STRIP = NO;
				DEBUG_INFORMATION_FORMAT = "dwarf-with-dsym";
				ENABLE_NS_ASSERTIONS = NO;
				ENABLE_STRICT_OBJC_MSGSEND = YES;
				GCC_C_LANGUAGE_STANDARD = gnu11;
				GCC_NO_COMMON_BLOCKS = YES;
				GCC_WARN_64_TO_32_BIT_CONVERSION = YES;
				GCC_WARN_ABOUT_RETURN_TYPE = YES_ERROR;
				GCC_WARN_UNDECLARED_SELECTOR = YES;
				GCC_WARN_UNINITIALIZED_AUTOS = YES_AGGRESSIVE;
				GCC_WARN_UNUSED_FUNCTION = YES;
				GCC_WARN_UNUSED_VARIABLE = YES;
				IPHONEOS_DEPLOYMENT_TARGET = 12.1;
				MTL_ENABLE_DEBUG_INFO = NO;
				MTL_FAST_MATH = YES;
				SDKROOT = iphoneos;
				SWIFT_COMPILATION_MODE = wholemodule;
				SWIFT_OPTIMIZATION_LEVEL = "-O";
				VALIDATE_PRODUCT = YES;
			};
			name = Release;
		};
		577B7018222B10EA000AC67A /* Debug */ = {
			isa = XCBuildConfiguration;
			buildSettings = {
				ASSETCATALOG_COMPILER_APPICON_NAME = AppIcon;
				CODE_SIGN_STYLE = Automatic;
				DEVELOPMENT_TEAM = 7ZA9Y8B6FF;
				INFOPLIST_FILE = "Classic Hangman 2019/Info.plist";
				LD_RUNPATH_SEARCH_PATHS = (
					"$(inherited)",
					"@executable_path/Frameworks",
				);
				PRODUCT_BUNDLE_IDENTIFIER = "com.example.Classic-Hangman-2019";
				PRODUCT_NAME = "$(TARGET_NAME)";
				SWIFT_VERSION = 4.2;
				TARGETED_DEVICE_FAMILY = 1;
			};
			name = Debug;
		};
		577B7019222B10EA000AC67A /* Release */ = {
			isa = XCBuildConfiguration;
			buildSettings = {
				ASSETCATALOG_COMPILER_APPICON_NAME = AppIcon;
				CODE_SIGN_STYLE = Automatic;
				DEVELOPMENT_TEAM = 7ZA9Y8B6FF;
				INFOPLIST_FILE = "Classic Hangman 2019/Info.plist";
				LD_RUNPATH_SEARCH_PATHS = (
					"$(inherited)",
					"@executable_path/Frameworks",
				);
				PRODUCT_BUNDLE_IDENTIFIER = "com.example.Classic-Hangman-2019";
				PRODUCT_NAME = "$(TARGET_NAME)";
				SWIFT_VERSION = 4.2;
				TARGETED_DEVICE_FAMILY = 1;
			};
			name = Release;
		};
/* End XCBuildConfiguration section */

/* Begin XCConfigurationList section */
		577B6FFD222B10E9000AC67A /* Build configuration list for PBXProject "Classic Hangman 2019" */ = {
			isa = XCConfigurationList;
			buildConfigurations = (
				577B7015222B10EA000AC67A /* Debug */,
				577B7016222B10EA000AC67A /* Release */,
			);
			defaultConfigurationIsVisible = 0;
			defaultConfigurationName = Release;
		};
		577B7017222B10EA000AC67A /* Build configuration list for PBXNativeTarget "Classic Hangman 2019" */ = {
			isa = XCConfigurationList;
			buildConfigurations = (
				577B7018222B10EA000AC67A /* Debug */,
				577B7019222B10EA000AC67A /* Release */,
			);
			defaultConfigurationIsVisible = 0;
			defaultConfigurationName = Release;
		};
/* End XCConfigurationList section */

/* Begin XCVersionGroup section */
		577B700C222B10E9000AC67A /* Classic_Hangman_2019.xcdatamodeld */ = {
			isa = XCVersionGroup;
			children = (
				577B700D222B10E9000AC67A /* Classic_Hangman_2019.xcdatamodel */,
			);
			currentVersion = 577B700D222B10E9000AC67A /* Classic_Hangman_2019.xcdatamodel */;
			path = Classic_Hangman_2019.xcdatamodeld;
			sourceTree = "<group>";
			versionGroupType = wrapper.xcdatamodel;
		};
/* End XCVersionGroup section */
	};
	rootObject = 577B6FFA222B10E9000AC67A /* Project object */;
}
