// !$*UTF8*$!
{
	archiveVersion = 1;
	classes = {
	};
	objectVersion = 50;
	objects = {

/* Begin PBXBuildFile section */
		577B7055222B52AE000AC67A /* AppDelegate.swift in Sources */ = {isa = PBXBuildFile; fileRef = 577B7054222B52AE000AC67A /* AppDelegate.swift */; };
		577B7057222B52AE000AC67A /* ViewController.swift in Sources */ = {isa = PBXBuildFile; fileRef = 577B7056222B52AE000AC67A /* ViewController.swift */; };
		577B705A222B52AE000AC67A /* Main.storyboard in Resources */ = {isa = PBXBuildFile; fileRef = 577B7058222B52AE000AC67A /* Main.storyboard */; };
		577B705D222B52AE000AC67A /* Core_Data_Testing.xcdatamodeld in Sources */ = {isa = PBXBuildFile; fileRef = 577B705B222B52AE000AC67A /* Core_Data_Testing.xcdatamodeld */; };
		577B705F222B52AF000AC67A /* Assets.xcassets in Resources */ = {isa = PBXBuildFile; fileRef = 577B705E222B52AF000AC67A /* Assets.xcassets */; };
		577B7062222B52AF000AC67A /* LaunchScreen.storyboard in Resources */ = {isa = PBXBuildFile; fileRef = 577B7060222B52AF000AC67A /* LaunchScreen.storyboard */; };
/* End PBXBuildFile section */

/* Begin PBXFileReference section */
		577B7051222B52AE000AC67A /* Core Data Testing.app */ = {isa = PBXFileReference; explicitFileType = wrapper.application; includeInIndex = 0; path = "Core Data Testing.app"; sourceTree = BUILT_PRODUCTS_DIR; };
		577B7054222B52AE000AC67A /* AppDelegate.swift */ = {isa = PBXFileReference; lastKnownFileType = sourcecode.swift; path = AppDelegate.swift; sourceTree = "<group>"; };
		577B7056222B52AE000AC67A /* ViewController.swift */ = {isa = PBXFileReference; lastKnownFileType = sourcecode.swift; path = ViewController.swift; sourceTree = "<group>"; };
		577B7059222B52AE000AC67A /* Base */ = {isa = PBXFileReference; lastKnownFileType = file.storyboard; name = Base; path = Base.lproj/Main.storyboard; sourceTree = "<group>"; };
		577B705C222B52AE000AC67A /* Core_Data_Testing.xcdatamodel */ = {isa = PBXFileReference; lastKnownFileType = wrapper.xcdatamodel; path = Core_Data_Testing.xcdatamodel; sourceTree = "<group>"; };
		577B705E222B52AF000AC67A /* Assets.xcassets */ = {isa = PBXFileReference; lastKnownFileType = folder.assetcatalog; path = Assets.xcassets; sourceTree = "<group>"; };
		577B7061222B52AF000AC67A /* Base */ = {isa = PBXFileReference; lastKnownFileType = file.storyboard; name = Base; path = Base.lproj/LaunchScreen.storyboard; sourceTree = "<group>"; };
		577B7063222B52AF000AC67A /* Info.plist */ = {isa = PBXFileReference; lastKnownFileType = text.plist.xml; path = Info.plist; sourceTree = "<group>"; };
/* End PBXFileReference section */

/* Begin PBXFrameworksBuildPhase section */
		577B704E222B52AE000AC67A /* Frameworks */ = {
			isa = PBXFrameworksBuildPhase;
			buildActionMask = 2147483647;
			files = (
			);
			runOnlyForDeploymentPostprocessing = 0;
		};
/* End PBXFrameworksBuildPhase section */

/* Begin PBXGroup section */
		577B7048222B52AE000AC67A = {
			isa = PBXGroup;
			children = (
				577B7053222B52AE000AC67A /* Core Data Testing */,
				577B7052222B52AE000AC67A /* Products */,
			);
			sourceTree = "<group>";
		};
		577B7052222B52AE000AC67A /* Products */ = {
			isa = PBXGroup;
			children = (
				577B7051222B52AE000AC67A /* Core Data Testing.app */,
			);
			name = Products;
			sourceTree = "<group>";
		};
		577B7053222B52AE000AC67A /* Core Data Testing */ = {
			isa = PBXGroup;
			children = (
				577B7054222B52AE000AC67A /* AppDelegate.swift */,
				577B7056222B52AE000AC67A /* ViewController.swift */,
				577B7058222B52AE000AC67A /* Main.storyboard */,
				577B7060222B52AF000AC67A /* LaunchScreen.storyboard */,
				577B705E222B52AF000AC67A /* Assets.xcassets */,
				577B7063222B52AF000AC67A /* Info.plist */,
				577B705B222B52AE000AC67A /* Core_Data_Testing.xcdatamodeld */,
			);
			path = "Core Data Testing";
			sourceTree = "<group>";
		};
/* End PBXGroup section */

/* Begin PBXNativeTarget section */
		577B7050222B52AE000AC67A /* Core Data Testing */ = {
			isa = PBXNativeTarget;
			buildConfigurationList = 577B7066222B52AF000AC67A /* Build configuration list for PBXNativeTarget "Core Data Testing" */;
			buildPhases = (
				577B704D222B52AE000AC67A /* Sources */,
				577B704E222B52AE000AC67A /* Frameworks */,
				577B704F222B52AE000AC67A /* Resources */,
			);
			buildRules = (
			);
			dependencies = (
			);
			name = "Core Data Testing";
			productName = "Core Data Testing";
			productReference = 577B7051222B52AE000AC67A /* Core Data Testing.app */;
			productType = "com.apple.product-type.application";
		};
/* End PBXNativeTarget section */

/* Begin PBXProject section */
		577B7049222B52AE000AC67A /* Project object */ = {
			isa = PBXProject;
			attributes = {
				LastSwiftUpdateCheck = 1010;
				LastUpgradeCheck = 1010;
				ORGANIZATIONNAME = "Caden Kowalski";
				TargetAttributes = {
					577B7050222B52AE000AC67A = {
						CreatedOnToolsVersion = 10.1;
					};
				};
			};
			buildConfigurationList = 577B704C222B52AE000AC67A /* Build configuration list for PBXProject "Core Data Testing" */;
			compatibilityVersion = "Xcode 9.3";
			developmentRegion = en;
			hasScannedForEncodings = 0;
			knownRegions = (
				en,
				Base,
			);
			mainGroup = 577B7048222B52AE000AC67A;
			productRefGroup = 577B7052222B52AE000AC67A /* Products */;
			projectDirPath = "";
			projectRoot = "";
			targets = (
				577B7050222B52AE000AC67A /* Core Data Testing */,
			);
		};
/* End PBXProject section */

/* Begin PBXResourcesBuildPhase section */
		577B704F222B52AE000AC67A /* Resources */ = {
			isa = PBXResourcesBuildPhase;
			buildActionMask = 2147483647;
			files = (
				577B7062222B52AF000AC67A /* LaunchScreen.storyboard in Resources */,
				577B705F222B52AF000AC67A /* Assets.xcassets in Resources */,
				577B705A222B52AE000AC67A /* Main.storyboard in Resources */,
			);
			runOnlyForDeploymentPostprocessing = 0;
		};
/* End PBXResourcesBuildPhase section */

/* Begin PBXSourcesBuildPhase section */
		577B704D222B52AE000AC67A /* Sources */ = {
			isa = PBXSourcesBuildPhase;
			buildActionMask = 2147483647;
			files = (
				577B7057222B52AE000AC67A /* ViewController.swift in Sources */,
				577B7055222B52AE000AC67A /* AppDelegate.swift in Sources */,
				577B705D222B52AE000AC67A /* Core_Data_Testing.xcdatamodeld in Sources */,
			);
			runOnlyForDeploymentPostprocessing = 0;
		};
/* End PBXSourcesBuildPhase section */

/* Begin PBXVariantGroup section */
		577B7058222B52AE000AC67A /* Main.storyboard */ = {
			isa = PBXVariantGroup;
			children = (
				577B7059222B52AE000AC67A /* Base */,
			);
			name = Main.storyboard;
			sourceTree = "<group>";
		};
		577B7060222B52AF000AC67A /* LaunchScreen.storyboard */ = {
			isa = PBXVariantGroup;
			children = (
				577B7061222B52AF000AC67A /* Base */,
			);
			name = LaunchScreen.storyboard;
			sourceTree = "<group>";
		};
/* End PBXVariantGroup section */

/* Begin XCBuildConfiguration section */
		577B7064222B52AF000AC67A /* Debug */ = {
			isa = XCBuildConfiguration;
			buildSettings = {
				ALWAYS_SEARCH_USER_PATHS = NO;
				CLANG_ANALYZER_NONNULL = YES;
				CLANG_ANALYZER_NUMBER_OBJECT_CONVERSION = YES_AGGRESSIVE;
				CLANG_CXX_LANGUAGE_STANDARD = "gnu++14";
				CLANG_CXX_LIBRARY = "libc++";
				CLANG_ENABLE_MODULES = YES;
				CLANG_ENABLE_OBJC_ARC = YES;
				CLANG_ENABLE_OBJC_WEAK = YES;
				CLANG_WARN_BLOCK_CAPTURE_AUTORELEASING = YES;
				CLANG_WARN_BOOL_CONVERSION = YES;
				CLANG_WARN_COMMA = YES;
				CLANG_WARN_CONSTANT_CONVERSION = YES;
				CLANG_WARN_DEPRECATED_OBJC_IMPLEMENTATIONS = YES;
				CLANG_WARN_DIRECT_OBJC_ISA_USAGE = YES_ERROR;
				CLANG_WARN_DOCUMENTATION_COMMENTS = YES;
				CLANG_WARN_EMPTY_BODY = YES;
				CLANG_WARN_ENUM_CONVERSION = YES;
				CLANG_WARN_INFINITE_RECURSION = YES;
				CLANG_WARN_INT_CONVERSION = YES;
				CLANG_WARN_NON_LITERAL_NULL_CONVERSION = YES;
				CLANG_WARN_OBJC_IMPLICIT_RETAIN_SELF = YES;
				CLANG_WARN_OBJC_LITERAL_CONVERSION = YES;
				CLANG_WARN_OBJC_ROOT_CLASS = YES_ERROR;
				CLANG_WARN_RANGE_LOOP_ANALYSIS = YES;
				CLANG_WARN_STRICT_PROTOTYPES = YES;
				CLANG_WARN_SUSPICIOUS_MOVE = YES;
				CLANG_WARN_UNGUARDED_AVAILABILITY = YES_AGGRESSIVE;
				CLANG_WARN_UNREACHABLE_CODE = YES;
				CLANG_WARN__DUPLICATE_METHOD_MATCH = YES;
				CODE_SIGN_IDENTITY = "iPhone Developer";
				COPY_PHASE_STRIP = NO;
				DEBUG_INFORMATION_FORMAT = dwarf;
				ENABLE_STRICT_OBJC_MSGSEND = YES;
				ENABLE_TESTABILITY = YES;
				GCC_C_LANGUAGE_STANDARD = gnu11;
				GCC_DYNAMIC_NO_PIC = NO;
				GCC_NO_COMMON_BLOCKS = YES;
				GCC_OPTIMIZATION_LEVEL = 0;
				GCC_PREPROCESSOR_DEFINITIONS = (
					"DEBUG=1",
					"$(inherited)",
				);
				GCC_WARN_64_TO_32_BIT_CONVERSION = YES;
				GCC_WARN_ABOUT_RETURN_TYPE = YES_ERROR;
				GCC_WARN_UNDECLARED_SELECTOR = YES;
				GCC_WARN_UNINITIALIZED_AUTOS = YES_AGGRESSIVE;
				GCC_WARN_UNUSED_FUNCTION = YES;
				GCC_WARN_UNUSED_VARIABLE = YES;
				IPHONEOS_DEPLOYMENT_TARGET = 12.1;
				MTL_ENABLE_DEBUG_INFO = INCLUDE_SOURCE;
				MTL_FAST_MATH = YES;
				ONLY_ACTIVE_ARCH = YES;
				SDKROOT = iphoneos;
				SWIFT_ACTIVE_COMPILATION_CONDITIONS = DEBUG;
				SWIFT_OPTIMIZATION_LEVEL = "-Onone";
			};
			name = Debug;
		};
		577B7065222B52AF000AC67A /* Release */ = {
			isa = XCBuildConfiguration;
			buildSettings = {
				ALWAYS_SEARCH_USER_PATHS = NO;
				CLANG_ANALYZER_NONNULL = YES;
				CLANG_ANALYZER_NUMBER_OBJECT_CONVERSION = YES_AGGRESSIVE;
				CLANG_CXX_LANGUAGE_STANDARD = "gnu++14";
				CLANG_CXX_LIBRARY = "libc++";
				CLANG_ENABLE_MODULES = YES;
				CLANG_ENABLE_OBJC_ARC = YES;
				CLANG_ENABLE_OBJC_WEAK = YES;
				CLANG_WARN_BLOCK_CAPTURE_AUTORELEASING = YES;
				CLANG_WARN_BOOL_CONVERSION = YES;
				CLANG_WARN_COMMA = YES;
				CLANG_WARN_CONSTANT_CONVERSION = YES;
				CLANG_WARN_DEPRECATED_OBJC_IMPLEMENTATIONS = YES;
				CLANG_WARN_DIRECT_OBJC_ISA_USAGE = YES_ERROR;
				CLANG_WARN_DOCUMENTATION_COMMENTS = YES;
				CLANG_WARN_EMPTY_BODY = YES;
				CLANG_WARN_ENUM_CONVERSION = YES;
				CLANG_WARN_INFINITE_RECURSION = YES;
				CLANG_WARN_INT_CONVERSION = YES;
				CLANG_WARN_NON_LITERAL_NULL_CONVERSION = YES;
				CLANG_WARN_OBJC_IMPLICIT_RETAIN_SELF = YES;
				CLANG_WARN_OBJC_LITERAL_CONVERSION = YES;
				CLANG_WARN_OBJC_ROOT_CLASS = YES_ERROR;
				CLANG_WARN_RANGE_LOOP_ANALYSIS = YES;
				CLANG_WARN_STRICT_PROTOTYPES = YES;
				CLANG_WARN_SUSPICIOUS_MOVE = YES;
				CLANG_WARN_UNGUARDED_AVAILABILITY = YES_AGGRESSIVE;
				CLANG_WARN_UNREACHABLE_CODE = YES;
				CLANG_WARN__DUPLICATE_METHOD_MATCH = YES;
				CODE_SIGN_IDENTITY = "iPhone Developer";
				COPY_PHASE_STRIP = NO;
				DEBUG_INFORMATION_FORMAT = "dwarf-with-dsym";
				ENABLE_NS_ASSERTIONS = NO;
				ENABLE_STRICT_OBJC_MSGSEND = YES;
				GCC_C_LANGUAGE_STANDARD = gnu11;
				GCC_NO_COMMON_BLOCKS = YES;
				GCC_WARN_64_TO_32_BIT_CONVERSION = YES;
				GCC_WARN_ABOUT_RETURN_TYPE = YES_ERROR;
				GCC_WARN_UNDECLARED_SELECTOR = YES;
				GCC_WARN_UNINITIALIZED_AUTOS = YES_AGGRESSIVE;
				GCC_WARN_UNUSED_FUNCTION = YES;
				GCC_WARN_UNUSED_VARIABLE = YES;
				IPHONEOS_DEPLOYMENT_TARGET = 12.1;
				MTL_ENABLE_DEBUG_INFO = NO;
				MTL_FAST_MATH = YES;
				SDKROOT = iphoneos;
				SWIFT_COMPILATION_MODE = wholemodule;
				SWIFT_OPTIMIZATION_LEVEL = "-O";
				VALIDATE_PRODUCT = YES;
			};
			name = Release;
		};
		577B7067222B52AF000AC67A /* Debug */ = {
			isa = XCBuildConfiguration;
			buildSettings = {
				ASSETCATALOG_COMPILER_APPICON_NAME = AppIcon;
				CODE_SIGN_STYLE = Automatic;
				DEVELOPMENT_TEAM = 7ZA9Y8B6FF;
				INFOPLIST_FILE = "Core Data Testing/Info.plist";
				LD_RUNPATH_SEARCH_PATHS = (
					"$(inherited)",
					"@executable_path/Frameworks",
				);
				PRODUCT_BUNDLE_IDENTIFIER = "com.example.Core-Data-Testing";
				PRODUCT_NAME = "$(TARGET_NAME)";
				SWIFT_VERSION = 4.2;
				TARGETED_DEVICE_FAMILY = "1,2";
			};
			name = Debug;
		};
		577B7068222B52AF000AC67A /* Release */ = {
			isa = XCBuildConfiguration;
			buildSettings = {
				ASSETCATALOG_COMPILER_APPICON_NAME = AppIcon;
				CODE_SIGN_STYLE = Automatic;
				DEVELOPMENT_TEAM = 7ZA9Y8B6FF;
				INFOPLIST_FILE = "Core Data Testing/Info.plist";
				LD_RUNPATH_SEARCH_PATHS = (
					"$(inherited)",
					"@executable_path/Frameworks",
				);
				PRODUCT_BUNDLE_IDENTIFIER = "com.example.Core-Data-Testing";
				PRODUCT_NAME = "$(TARGET_NAME)";
				SWIFT_VERSION = 4.2;
				TARGETED_DEVICE_FAMILY = "1,2";
			};
			name = Release;
		};
/* End XCBuildConfiguration section */

/* Begin XCConfigurationList section */
		577B704C222B52AE000AC67A /* Build configuration list for PBXProject "Core Data Testing" */ = {
			isa = XCConfigurationList;
			buildConfigurations = (
				577B7064222B52AF000AC67A /* Debug */,
				577B7065222B52AF000AC67A /* Release */,
			);
			defaultConfigurationIsVisible = 0;
			defaultConfigurationName = Release;
		};
		577B7066222B52AF000AC67A /* Build configuration list for PBXNativeTarget "Core Data Testing" */ = {
			isa = XCConfigurationList;
			buildConfigurations = (
				577B7067222B52AF000AC67A /* Debug */,
				577B7068222B52AF000AC67A /* Release */,
			);
			defaultConfigurationIsVisible = 0;
			defaultConfigurationName = Release;
		};
/* End XCConfigurationList section */

/* Begin XCVersionGroup section */
		577B705B222B52AE000AC67A /* Core_Data_Testing.xcdatamodeld */ = {
			isa = XCVersionGroup;
			children = (
				577B705C222B52AE000AC67A /* Core_Data_Testing.xcdatamodel */,
			);
			currentVersion = 577B705C222B52AE000AC67A /* Core_Data_Testing.xcdatamodel */;
			path = Core_Data_Testing.xcdatamodeld;
			sourceTree = "<group>";
			versionGroupType = wrapper.xcdatamodel;
		};
/* End XCVersionGroup section */
	};
	rootObject = 577B7049222B52AE000AC67A /* Project object */;
}
